
Microsoft Visual Studio Solution File, Format Version 12.00
Project("{2150E333-8FDC-42A3-9474-1A3956D46DE8}") = "tools", "tools", "{7C072F22-8C29-4060-82E7-45C03AF90D58}"
	ProjectSection(SolutionItems) = preProject
		tools\README.md = ..\tools\README.md
	EndProjectSection
EndProject
Project("{FAE04EC0-301F-11D3-BF4B-00C04F79EFBC}") = "Chunker", "..\tools\Chunker\Chunker.csproj", "{D6793D25-1B83-4BCC-B8B0-B1DE0B36E24D}"
EndProject
Project("{FAE04EC0-301F-11D3-BF4B-00C04F79EFBC}") = "Extractor", "..\tools\Extractor\Extractor.csproj", "{13015621-454D-480A-8A9F-F36250F096C6}"
EndProject
Project("{FAE04EC0-301F-11D3-BF4B-00C04F79EFBC}") = "Orchestrator", "..\service\Orchestrator\Orchestrator.csproj", "{2924D4B4-C450-4D66-A26A-E9F0B32E440A}"
EndProject
Project("{FAE04EC0-301F-11D3-BF4B-00C04F79EFBC}") = "Aspire.AppHost", "..\infra\Aspire.AppHost\Aspire.AppHost.csproj", "{EFD3C347-9B06-4000-9DE3-080F9D347576}"
EndProject
Project("{FAE04EC0-301F-11D3-BF4B-00C04F79EFBC}") = "EmbeddingGenerator", "..\tools\EmbeddingGenerator\EmbeddingGenerator.csproj", "{DD2583A9-125A-4567-9505-E12693247AF2}"
EndProject
Project("{2150E333-8FDC-42A3-9474-1A3956D46DE8}") = "_libs", "_libs", "{AE0EB1E0-9094-465C-A9C7-1C64D641C942}"
EndProject
Project("{2150E333-8FDC-42A3-9474-1A3956D46DE8}") = "_examples", "_examples", "{5A894497-EB55-4006-8DBE-2A6189C255AD}"
EndProject
Project("{FAE04EC0-301F-11D3-BF4B-00C04F79EFBC}") = "CommonDotNet", "..\tools\_libs\CommonDotNet\CommonDotNet.csproj", "{F1A7D5A5-B20A-40C5-ABED-B26C7511B722}"
EndProject
Project("{2150E333-8FDC-42A3-9474-1A3956D46DE8}") = "tests", "tests", "{739B5B2F-F7B7-4046-9CC7-5A4CCD663238}"
EndProject
Project("{FAE04EC0-301F-11D3-BF4B-00C04F79EFBC}") = "FunctionalTests", "..\tests\FunctionalTests\FunctionalTests.csproj", "{BB188F1C-7608-4E80-8E72-F5223418E3C6}"
EndProject
Project("{FAE04EC0-301F-11D3-BF4B-00C04F79EFBC}") = "dotnet", "..\tools\_examples\dotnet\dotnet.csproj", "{95638511-8D22-43B9-B48A-08182AAA75D2}"
EndProject
Project("{FAE04EC0-301F-11D3-BF4B-00C04F79EFBC}") = "VectorStorageSk", "..\tools\VectorStorageSk\VectorStorageSk.csproj", "{D433AF30-79C3-40A2-9365-5C9F8FF9D49C}"
EndProject
Project("{FAE04EC0-301F-11D3-BF4B-00C04F79EFBC}") = "VectorStorageSk.Tests", "..\tests\VectorStorageSk.Tests\VectorStorageSk.Tests.csproj", "{B339F8AF-C83E-491E-A277-7B3076E1A0EA}"
EndProject
Project("{FAE04EC0-301F-11D3-BF4B-00C04F79EFBC}") = "Client", "..\service\clients\dotnet\Client\Client.csproj", "{0ED5CD37-0003-42ED-840F-EB10081C59FE}"
EndProject
Project("{FAE04EC0-301F-11D3-BF4B-00C04F79EFBC}") = "Client.Tests", "..\tests\Client.Tests\Client.Tests.csproj", "{629D99E3-068F-43F2-8197-46528C1BFB8B}"
EndProject
Global
	GlobalSection(SolutionConfigurationPlatforms) = preSolution
		Debug|Any CPU = Debug|Any CPU
		Release|Any CPU = Release|Any CPU
	EndGlobalSection
	GlobalSection(ProjectConfigurationPlatforms) = postSolution
		{D6793D25-1B83-4BCC-B8B0-B1DE0B36E24D}.Debug|Any CPU.ActiveCfg = Debug|Any CPU
		{D6793D25-1B83-4BCC-B8B0-B1DE0B36E24D}.Debug|Any CPU.Build.0 = Debug|Any CPU
		{D6793D25-1B83-4BCC-B8B0-B1DE0B36E24D}.Release|Any CPU.ActiveCfg = Release|Any CPU
		{D6793D25-1B83-4BCC-B8B0-B1DE0B36E24D}.Release|Any CPU.Build.0 = Release|Any CPU
		{13015621-454D-480A-8A9F-F36250F096C6}.Debug|Any CPU.ActiveCfg = Debug|Any CPU
		{13015621-454D-480A-8A9F-F36250F096C6}.Debug|Any CPU.Build.0 = Debug|Any CPU
		{13015621-454D-480A-8A9F-F36250F096C6}.Release|Any CPU.ActiveCfg = Release|Any CPU
		{13015621-454D-480A-8A9F-F36250F096C6}.Release|Any CPU.Build.0 = Release|Any CPU
		{2924D4B4-C450-4D66-A26A-E9F0B32E440A}.Debug|Any CPU.ActiveCfg = Debug|Any CPU
		{2924D4B4-C450-4D66-A26A-E9F0B32E440A}.Debug|Any CPU.Build.0 = Debug|Any CPU
		{2924D4B4-C450-4D66-A26A-E9F0B32E440A}.Release|Any CPU.ActiveCfg = Release|Any CPU
		{2924D4B4-C450-4D66-A26A-E9F0B32E440A}.Release|Any CPU.Build.0 = Release|Any CPU
		{EFD3C347-9B06-4000-9DE3-080F9D347576}.Debug|Any CPU.ActiveCfg = Debug|Any CPU
		{EFD3C347-9B06-4000-9DE3-080F9D347576}.Debug|Any CPU.Build.0 = Debug|Any CPU
		{EFD3C347-9B06-4000-9DE3-080F9D347576}.Release|Any CPU.ActiveCfg = Release|Any CPU
		{EFD3C347-9B06-4000-9DE3-080F9D347576}.Release|Any CPU.Build.0 = Release|Any CPU
		{DD2583A9-125A-4567-9505-E12693247AF2}.Debug|Any CPU.ActiveCfg = Debug|Any CPU
		{DD2583A9-125A-4567-9505-E12693247AF2}.Debug|Any CPU.Build.0 = Debug|Any CPU
		{DD2583A9-125A-4567-9505-E12693247AF2}.Release|Any CPU.ActiveCfg = Release|Any CPU
		{DD2583A9-125A-4567-9505-E12693247AF2}.Release|Any CPU.Build.0 = Release|Any CPU
		{F1A7D5A5-B20A-40C5-ABED-B26C7511B722}.Debug|Any CPU.ActiveCfg = Debug|Any CPU
		{F1A7D5A5-B20A-40C5-ABED-B26C7511B722}.Debug|Any CPU.Build.0 = Debug|Any CPU
		{F1A7D5A5-B20A-40C5-ABED-B26C7511B722}.Release|Any CPU.ActiveCfg = Release|Any CPU
		{F1A7D5A5-B20A-40C5-ABED-B26C7511B722}.Release|Any CPU.Build.0 = Release|Any CPU
		{BB188F1C-7608-4E80-8E72-F5223418E3C6}.Debug|Any CPU.ActiveCfg = Debug|Any CPU
		{BB188F1C-7608-4E80-8E72-F5223418E3C6}.Debug|Any CPU.Build.0 = Debug|Any CPU
		{BB188F1C-7608-4E80-8E72-F5223418E3C6}.Release|Any CPU.ActiveCfg = Release|Any CPU
		{95638511-8D22-43B9-B48A-08182AAA75D2}.Debug|Any CPU.ActiveCfg = Debug|Any CPU
		{95638511-8D22-43B9-B48A-08182AAA75D2}.Debug|Any CPU.Build.0 = Debug|Any CPU
		{95638511-8D22-43B9-B48A-08182AAA75D2}.Release|Any CPU.ActiveCfg = Release|Any CPU
		{95638511-8D22-43B9-B48A-08182AAA75D2}.Release|Any CPU.Build.0 = Release|Any CPU
		{D433AF30-79C3-40A2-9365-5C9F8FF9D49C}.Debug|Any CPU.ActiveCfg = Debug|Any CPU
		{D433AF30-79C3-40A2-9365-5C9F8FF9D49C}.Debug|Any CPU.Build.0 = Debug|Any CPU
		{D433AF30-79C3-40A2-9365-5C9F8FF9D49C}.Release|Any CPU.ActiveCfg = Release|Any CPU
		{D433AF30-79C3-40A2-9365-5C9F8FF9D49C}.Release|Any CPU.Build.0 = Release|Any CPU
		{B339F8AF-C83E-491E-A277-7B3076E1A0EA}.Debug|Any CPU.ActiveCfg = Debug|Any CPU
		{B339F8AF-C83E-491E-A277-7B3076E1A0EA}.Debug|Any CPU.Build.0 = Debug|Any CPU
		{B339F8AF-C83E-491E-A277-7B3076E1A0EA}.Release|Any CPU.ActiveCfg = Release|Any CPU
		{0ED5CD37-0003-42ED-840F-EB10081C59FE}.Debug|Any CPU.ActiveCfg = Debug|Any CPU
		{0ED5CD37-0003-42ED-840F-EB10081C59FE}.Debug|Any CPU.Build.0 = Debug|Any CPU
		{0ED5CD37-0003-42ED-840F-EB10081C59FE}.Release|Any CPU.ActiveCfg = Release|Any CPU
		{0ED5CD37-0003-42ED-840F-EB10081C59FE}.Release|Any CPU.Build.0 = Release|Any CPU
		{629D99E3-068F-43F2-8197-46528C1BFB8B}.Debug|Any CPU.ActiveCfg = Debug|Any CPU
		{629D99E3-068F-43F2-8197-46528C1BFB8B}.Debug|Any CPU.Build.0 = Debug|Any CPU
		{629D99E3-068F-43F2-8197-46528C1BFB8B}.Release|Any CPU.ActiveCfg = Release|Any CPU
	EndGlobalSection
	GlobalSection(NestedProjects) = preSolution
		{D6793D25-1B83-4BCC-B8B0-B1DE0B36E24D} = {7C072F22-8C29-4060-82E7-45C03AF90D58}
		{13015621-454D-480A-8A9F-F36250F096C6} = {7C072F22-8C29-4060-82E7-45C03AF90D58}
		{DD2583A9-125A-4567-9505-E12693247AF2} = {7C072F22-8C29-4060-82E7-45C03AF90D58}
		{AE0EB1E0-9094-465C-A9C7-1C64D641C942} = {7C072F22-8C29-4060-82E7-45C03AF90D58}
		{5A894497-EB55-4006-8DBE-2A6189C255AD} = {7C072F22-8C29-4060-82E7-45C03AF90D58}
		{F1A7D5A5-B20A-40C5-ABED-B26C7511B722} = {AE0EB1E0-9094-465C-A9C7-1C64D641C942}
		{BB188F1C-7608-4E80-8E72-F5223418E3C6} = {739B5B2F-F7B7-4046-9CC7-5A4CCD663238}
		{95638511-8D22-43B9-B48A-08182AAA75D2} = {5A894497-EB55-4006-8DBE-2A6189C255AD}
		{D433AF30-79C3-40A2-9365-5C9F8FF9D49C} = {7C072F22-8C29-4060-82E7-45C03AF90D58}
		{B339F8AF-C83E-491E-A277-7B3076E1A0EA} = {739B5B2F-F7B7-4046-9CC7-5A4CCD663238}
		{629D99E3-068F-43F2-8197-46528C1BFB8B} = {739B5B2F-F7B7-4046-9CC7-5A4CCD663238}
	EndGlobalSection
EndGlobal
